
Microsoft Visual Studio Solution File, Format Version 12.00
# Visual Studio Version 17
VisualStudioVersion = 17.0.31903.59
MinimumVisualStudioVersion = 10.0.40219.1
Project("{2150E333-8FDC-42A3-9474-1A3956D46DE8}") = "src", "src", "{46FAD2C4-1E55-4952-B64E-39BB5288AFA0}"
EndProject
Project("{2150E333-8FDC-42A3-9474-1A3956D46DE8}") = "tests", "tests", "{7BBF6FAE-F71A-4874-96A9-7BC2B38C34B2}"
EndProject
Project("{9A19103F-16F7-4668-BE54-9A1E7A4F7556}") = "Template.Contract", "src\Template.Contract\Template.Contract.csproj", "{8A12DA1C-1EAC-4676-B5C0-7460FF250588}"
EndProject
Project("{9A19103F-16F7-4668-BE54-9A1E7A4F7556}") = "Template.Api", "src\Template.Api\Template.Api.csproj", "{E400F05F-D25F-4083-B9F5-724E489FB1F1}"
EndProject
Project("{9A19103F-16F7-4668-BE54-9A1E7A4F7556}") = "Template.Application", "src\Template.Application\Template.Application.csproj", "{9F483DCA-351E-48F5-BB0B-19AA531160E5}"
EndProject
Project("{9A19103F-16F7-4668-BE54-9A1E7A4F7556}") = "Template.Infrastructure", "src\Template.Infrastructure\Template.Infrastructure.csproj", "{AED355A5-A6C3-4968-95D3-45831729ACE6}"
EndProject
Project("{9A19103F-16F7-4668-BE54-9A1E7A4F7556}") = "Template.Domain", "src\Template.Domain\Template.Domain.csproj", "{31056A51-8B14-4ED5-BCEE-14924411A411}"
EndProject
Global
	GlobalSection(SolutionConfigurationPlatforms) = preSolution
		Debug|Any CPU = Debug|Any CPU
		Release|Any CPU = Release|Any CPU
	EndGlobalSection
	GlobalSection(ProjectConfigurationPlatforms) = postSolution
		{8A12DA1C-1EAC-4676-B5C0-7460FF250588}.Debug|Any CPU.ActiveCfg = Debug|Any CPU
		{8A12DA1C-1EAC-4676-B5C0-7460FF250588}.Debug|Any CPU.Build.0 = Debug|Any CPU
		{8A12DA1C-1EAC-4676-B5C0-7460FF250588}.Release|Any CPU.ActiveCfg = Release|Any CPU
		{8A12DA1C-1EAC-4676-B5C0-7460FF250588}.Release|Any CPU.Build.0 = Release|Any CPU
		{E400F05F-D25F-4083-B9F5-724E489FB1F1}.Debug|Any CPU.ActiveCfg = Debug|Any CPU
		{E400F05F-D25F-4083-B9F5-724E489FB1F1}.Debug|Any CPU.Build.0 = Debug|Any CPU
		{E400F05F-D25F-4083-B9F5-724E489FB1F1}.Release|Any CPU.ActiveCfg = Release|Any CPU
		{E400F05F-D25F-4083-B9F5-724E489FB1F1}.Release|Any CPU.Build.0 = Release|Any CPU
		{9F483DCA-351E-48F5-BB0B-19AA531160E5}.Debug|Any CPU.ActiveCfg = Debug|Any CPU
		{9F483DCA-351E-48F5-BB0B-19AA531160E5}.Debug|Any CPU.Build.0 = Debug|Any CPU
		{9F483DCA-351E-48F5-BB0B-19AA531160E5}.Release|Any CPU.ActiveCfg = Release|Any CPU
		{9F483DCA-351E-48F5-BB0B-19AA531160E5}.Release|Any CPU.Build.0 = Release|Any CPU
		{AED355A5-A6C3-4968-95D3-45831729ACE6}.Debug|Any CPU.ActiveCfg = Debug|Any CPU
		{AED355A5-A6C3-4968-95D3-45831729ACE6}.Debug|Any CPU.Build.0 = Debug|Any CPU
		{AED355A5-A6C3-4968-95D3-45831729ACE6}.Release|Any CPU.ActiveCfg = Release|Any CPU
		{AED355A5-A6C3-4968-95D3-45831729ACE6}.Release|Any CPU.Build.0 = Release|Any CPU
		{31056A51-8B14-4ED5-BCEE-14924411A411}.Debug|Any CPU.ActiveCfg = Debug|Any CPU
		{31056A51-8B14-4ED5-BCEE-14924411A411}.Debug|Any CPU.Build.0 = Debug|Any CPU
		{31056A51-8B14-4ED5-BCEE-14924411A411}.Release|Any CPU.ActiveCfg = Release|Any CPU
		{31056A51-8B14-4ED5-BCEE-14924411A411}.Release|Any CPU.Build.0 = Release|Any CPU
	EndGlobalSection
	GlobalSection(SolutionProperties) = preSolution
		HideSolutionNode = FALSE
	EndGlobalSection
	GlobalSection(NestedProjects) = preSolution
		{8A12DA1C-1EAC-4676-B5C0-7460FF250588} = {46FAD2C4-1E55-4952-B64E-39BB5288AFA0}
		{E400F05F-D25F-4083-B9F5-724E489FB1F1} = {46FAD2C4-1E55-4952-B64E-39BB5288AFA0}
		{9F483DCA-351E-48F5-BB0B-19AA531160E5} = {46FAD2C4-1E55-4952-B64E-39BB5288AFA0}
		{AED355A5-A6C3-4968-95D3-45831729ACE6} = {46FAD2C4-1E55-4952-B64E-39BB5288AFA0}
		{31056A51-8B14-4ED5-BCEE-14924411A411} = {46FAD2C4-1E55-4952-B64E-39BB5288AFA0}
	EndGlobalSection
	GlobalSection(ExtensibilityGlobals) = postSolution
		SolutionGuid = {6954A7D3-23D3-489E-BEEB-1B7AC0354532}
	EndGlobalSection
EndGlobal
